
Microsoft Visual Studio Solution File, Format Version 12.00
# Visual Studio Version 17
VisualStudioVersion = 17.0.32112.339
MinimumVisualStudioVersion = 10.0.40219.1
Project("{9A19103F-16F7-4668-BE54-9A1E7A4F7556}") = "StoryPointEstimatorBlazorApp", "StoryPointEstimatorBlazorApp\StoryPointEstimatorBlazorApp.csproj", "{96C1983F-81B4-4C5C-A33E-BC4CE261406A}"
EndProject
Global
	GlobalSection(SolutionConfigurationPlatforms) = preSolution
		Debug|Any CPU = Debug|Any CPU
		Release|Any CPU = Release|Any CPU
	EndGlobalSection
	GlobalSection(ProjectConfigurationPlatforms) = postSolution
		{96C1983F-81B4-4C5C-A33E-BC4CE261406A}.Debug|Any CPU.ActiveCfg = Debug|Any CPU
		{96C1983F-81B4-4C5C-A33E-BC4CE261406A}.Debug|Any CPU.Build.0 = Debug|Any CPU
		{96C1983F-81B4-4C5C-A33E-BC4CE261406A}.Release|Any CPU.ActiveCfg = Release|Any CPU
		{96C1983F-81B4-4C5C-A33E-BC4CE261406A}.Release|Any CPU.Build.0 = Release|Any CPU
	EndGlobalSection
	GlobalSection(SolutionProperties) = preSolution
		HideSolutionNode = FALSE
	EndGlobalSection
	GlobalSection(ExtensibilityGlobals) = postSolution
		SolutionGuid = {BCDD727D-369E-4846-9707-F0D3D3EBB13C}
	EndGlobalSection
EndGlobal
