
Microsoft Visual Studio Solution File, Format Version 12.00
# Visual Studio Version 17
VisualStudioVersion = 17.0.32112.339
MinimumVisualStudioVersion = 10.0.40219.1
Project("{9A19103F-16F7-4668-BE54-9A1E7A4F7556}") = "StoryPointEstimatorBlazorApp", "StoryPointEstimatorBlazorApp\StoryPointEstimatorBlazorApp.csproj", "{96C1983F-81B4-4C5C-A33E-BC4CE261406A}"
EndProject
Project("{9A19103F-16F7-4668-BE54-9A1E7A4F7556}") = "SQLDataAccessLibrary", "SQLDataAccessLibrary\SQLDataAccessLibrary.csproj", "{C254C9D6-8E4B-4C40-8082-9C0093481628}"
EndProject
Project("{9A19103F-16F7-4668-BE54-9A1E7A4F7556}") = "UnitTests", "UnitTests\UnitTests.csproj", "{CD5E9843-F14C-41BE-8ADF-982193E53D02}"
EndProject
Global
	GlobalSection(SolutionConfigurationPlatforms) = preSolution
		DB_Exclusion|Any CPU = DB_Exclusion|Any CPU
		DB_Exclusion|x64 = DB_Exclusion|x64
		DB_Exclusion|x86 = DB_Exclusion|x86
		Debug|Any CPU = Debug|Any CPU
		Debug|x64 = Debug|x64
		Debug|x86 = Debug|x86
		Release|Any CPU = Release|Any CPU
		Release|x64 = Release|x64
		Release|x86 = Release|x86
	EndGlobalSection
	GlobalSection(ProjectConfigurationPlatforms) = postSolution
		{96C1983F-81B4-4C5C-A33E-BC4CE261406A}.DB_Exclusion|Any CPU.ActiveCfg = DB_Exclusion|Any CPU
		{96C1983F-81B4-4C5C-A33E-BC4CE261406A}.DB_Exclusion|Any CPU.Build.0 = DB_Exclusion|Any CPU
		{96C1983F-81B4-4C5C-A33E-BC4CE261406A}.DB_Exclusion|x64.ActiveCfg = DB_Exclusion|Any CPU
		{96C1983F-81B4-4C5C-A33E-BC4CE261406A}.DB_Exclusion|x64.Build.0 = DB_Exclusion|Any CPU
		{96C1983F-81B4-4C5C-A33E-BC4CE261406A}.DB_Exclusion|x86.ActiveCfg = DB_Exclusion|Any CPU
		{96C1983F-81B4-4C5C-A33E-BC4CE261406A}.DB_Exclusion|x86.Build.0 = DB_Exclusion|Any CPU
		{96C1983F-81B4-4C5C-A33E-BC4CE261406A}.Debug|Any CPU.ActiveCfg = Debug|Any CPU
		{96C1983F-81B4-4C5C-A33E-BC4CE261406A}.Debug|Any CPU.Build.0 = Debug|Any CPU
		{96C1983F-81B4-4C5C-A33E-BC4CE261406A}.Debug|x64.ActiveCfg = Debug|Any CPU
		{96C1983F-81B4-4C5C-A33E-BC4CE261406A}.Debug|x64.Build.0 = Debug|Any CPU
		{96C1983F-81B4-4C5C-A33E-BC4CE261406A}.Debug|x86.ActiveCfg = Debug|Any CPU
		{96C1983F-81B4-4C5C-A33E-BC4CE261406A}.Debug|x86.Build.0 = Debug|Any CPU
		{96C1983F-81B4-4C5C-A33E-BC4CE261406A}.Release|Any CPU.ActiveCfg = Release|Any CPU
		{96C1983F-81B4-4C5C-A33E-BC4CE261406A}.Release|Any CPU.Build.0 = Release|Any CPU
		{96C1983F-81B4-4C5C-A33E-BC4CE261406A}.Release|x64.ActiveCfg = Release|Any CPU
		{96C1983F-81B4-4C5C-A33E-BC4CE261406A}.Release|x64.Build.0 = Release|Any CPU
		{96C1983F-81B4-4C5C-A33E-BC4CE261406A}.Release|x86.ActiveCfg = Release|Any CPU
		{96C1983F-81B4-4C5C-A33E-BC4CE261406A}.Release|x86.Build.0 = Release|Any CPU
		{C254C9D6-8E4B-4C40-8082-9C0093481628}.DB_Exclusion|Any CPU.ActiveCfg = DB_Exclusion|Any CPU
		{C254C9D6-8E4B-4C40-8082-9C0093481628}.DB_Exclusion|Any CPU.Build.0 = DB_Exclusion|Any CPU
		{C254C9D6-8E4B-4C40-8082-9C0093481628}.DB_Exclusion|x64.ActiveCfg = DB_Exclusion|Any CPU
		{C254C9D6-8E4B-4C40-8082-9C0093481628}.DB_Exclusion|x64.Build.0 = DB_Exclusion|Any CPU
		{C254C9D6-8E4B-4C40-8082-9C0093481628}.DB_Exclusion|x86.ActiveCfg = DB_Exclusion|Any CPU
		{C254C9D6-8E4B-4C40-8082-9C0093481628}.DB_Exclusion|x86.Build.0 = DB_Exclusion|Any CPU
		{C254C9D6-8E4B-4C40-8082-9C0093481628}.Debug|Any CPU.ActiveCfg = Debug|Any CPU
		{C254C9D6-8E4B-4C40-8082-9C0093481628}.Debug|Any CPU.Build.0 = Debug|Any CPU
		{C254C9D6-8E4B-4C40-8082-9C0093481628}.Debug|x64.ActiveCfg = Debug|Any CPU
		{C254C9D6-8E4B-4C40-8082-9C0093481628}.Debug|x64.Build.0 = Debug|Any CPU
		{C254C9D6-8E4B-4C40-8082-9C0093481628}.Debug|x86.ActiveCfg = Debug|Any CPU
		{C254C9D6-8E4B-4C40-8082-9C0093481628}.Debug|x86.Build.0 = Debug|Any CPU
		{C254C9D6-8E4B-4C40-8082-9C0093481628}.Release|Any CPU.ActiveCfg = Release|Any CPU
		{C254C9D6-8E4B-4C40-8082-9C0093481628}.Release|Any CPU.Build.0 = Release|Any CPU
		{C254C9D6-8E4B-4C40-8082-9C0093481628}.Release|x64.ActiveCfg = Release|Any CPU
		{C254C9D6-8E4B-4C40-8082-9C0093481628}.Release|x64.Build.0 = Release|Any CPU
		{C254C9D6-8E4B-4C40-8082-9C0093481628}.Release|x86.ActiveCfg = Release|Any CPU
		{C254C9D6-8E4B-4C40-8082-9C0093481628}.Release|x86.Build.0 = Release|Any CPU
		{CD5E9843-F14C-41BE-8ADF-982193E53D02}.DB_Exclusion|Any CPU.ActiveCfg = Debug|Any CPU
		{CD5E9843-F14C-41BE-8ADF-982193E53D02}.DB_Exclusion|Any CPU.Build.0 = Debug|Any CPU
		{CD5E9843-F14C-41BE-8ADF-982193E53D02}.DB_Exclusion|x64.ActiveCfg = Debug|Any CPU
		{CD5E9843-F14C-41BE-8ADF-982193E53D02}.DB_Exclusion|x64.Build.0 = Debug|Any CPU
		{CD5E9843-F14C-41BE-8ADF-982193E53D02}.DB_Exclusion|x86.ActiveCfg = Debug|Any CPU
		{CD5E9843-F14C-41BE-8ADF-982193E53D02}.DB_Exclusion|x86.Build.0 = Debug|Any CPU
		{CD5E9843-F14C-41BE-8ADF-982193E53D02}.Debug|Any CPU.ActiveCfg = Debug|Any CPU
		{CD5E9843-F14C-41BE-8ADF-982193E53D02}.Debug|Any CPU.Build.0 = Debug|Any CPU
		{CD5E9843-F14C-41BE-8ADF-982193E53D02}.Debug|x64.ActiveCfg = Debug|Any CPU
		{CD5E9843-F14C-41BE-8ADF-982193E53D02}.Debug|x64.Build.0 = Debug|Any CPU
		{CD5E9843-F14C-41BE-8ADF-982193E53D02}.Debug|x86.ActiveCfg = Debug|Any CPU
		{CD5E9843-F14C-41BE-8ADF-982193E53D02}.Debug|x86.Build.0 = Debug|Any CPU
		{CD5E9843-F14C-41BE-8ADF-982193E53D02}.Release|Any CPU.ActiveCfg = Release|Any CPU
		{CD5E9843-F14C-41BE-8ADF-982193E53D02}.Release|Any CPU.Build.0 = Release|Any CPU
		{CD5E9843-F14C-41BE-8ADF-982193E53D02}.Release|x64.ActiveCfg = Release|Any CPU
		{CD5E9843-F14C-41BE-8ADF-982193E53D02}.Release|x64.Build.0 = Release|Any CPU
		{CD5E9843-F14C-41BE-8ADF-982193E53D02}.Release|x86.ActiveCfg = Release|Any CPU
		{CD5E9843-F14C-41BE-8ADF-982193E53D02}.Release|x86.Build.0 = Release|Any CPU
	EndGlobalSection
	GlobalSection(SolutionProperties) = preSolution
		HideSolutionNode = FALSE
	EndGlobalSection
	GlobalSection(ExtensibilityGlobals) = postSolution
		SolutionGuid = {BCDD727D-369E-4846-9707-F0D3D3EBB13C}
	EndGlobalSection
EndGlobal
